
Microsoft Visual Studio Solution File, Format Version 11.00
# Visual Studio 2010
Project("{FAE04EC0-301F-11D3-BF4B-00C04F79EFBC}") = "Drusti", "Assembly-CSharp-firstpass.csproj", "{9FF129B3-2028-AF7A-80CB-20F843CBE98F}"
EndProject
Project("{FAE04EC0-301F-11D3-BF4B-00C04F79EFBC}") = "Drusti", "Assembly-CSharp.csproj", "{C35626FF-FB74-D332-BB22-7C2DB15107D8}"
EndProject
Project("{FAE04EC0-301F-11D3-BF4B-00C04F79EFBC}") = "Drusti", "Assembly-CSharp-Editor-firstpass.csproj", "{12254664-4D5D-35DD-BE7E-8EB717901789}"
EndProject
Global
	GlobalSection(SolutionConfigurationPlatforms) = preSolution
		Debug|Any CPU = Debug|Any CPU
		Release|Any CPU = Release|Any CPU
	EndGlobalSection
	GlobalSection(ProjectConfigurationPlatforms) = postSolution
		{9FF129B3-2028-AF7A-80CB-20F843CBE98F}.Debug|Any CPU.ActiveCfg = Debug|Any CPU
		{9FF129B3-2028-AF7A-80CB-20F843CBE98F}.Debug|Any CPU.Build.0 = Debug|Any CPU
		{9FF129B3-2028-AF7A-80CB-20F843CBE98F}.Release|Any CPU.ActiveCfg = Release|Any CPU
		{9FF129B3-2028-AF7A-80CB-20F843CBE98F}.Release|Any CPU.Build.0 = Release|Any CPU
		{C35626FF-FB74-D332-BB22-7C2DB15107D8}.Debug|Any CPU.ActiveCfg = Debug|Any CPU
		{C35626FF-FB74-D332-BB22-7C2DB15107D8}.Debug|Any CPU.Build.0 = Debug|Any CPU
		{C35626FF-FB74-D332-BB22-7C2DB15107D8}.Release|Any CPU.ActiveCfg = Release|Any CPU
		{C35626FF-FB74-D332-BB22-7C2DB15107D8}.Release|Any CPU.Build.0 = Release|Any CPU
		{12254664-4D5D-35DD-BE7E-8EB717901789}.Debug|Any CPU.ActiveCfg = Debug|Any CPU
		{12254664-4D5D-35DD-BE7E-8EB717901789}.Debug|Any CPU.Build.0 = Debug|Any CPU
		{12254664-4D5D-35DD-BE7E-8EB717901789}.Release|Any CPU.ActiveCfg = Release|Any CPU
		{12254664-4D5D-35DD-BE7E-8EB717901789}.Release|Any CPU.Build.0 = Release|Any CPU
	EndGlobalSection
	GlobalSection(SolutionProperties) = preSolution
		HideSolutionNode = FALSE
	EndGlobalSection
	GlobalSection(MonoDevelopProperties) = preSolution
		StartupItem = Assembly-CSharp.csproj
	EndGlobalSection
EndGlobal
